<?xml version="1.0" encoding="utf-8"?>
<Project ToolsVersion="4.0" xmlns="http://schemas.microsoft.com/developer/msbuild/2003">
  <ItemGroup>
    <Filter Include="Source Files">
      <UniqueIdentifier>{4FC737F1-C7A5-4376-A066-2A32D752A2FF}</UniqueIdentifier>
      <Extensions>cpp;c;cc;cxx;c++;cppm;ixx;def;odl;idl;hpj;bat;asm;asmx</Extensions>
    </Filter>
    <Filter Include="Header Files">
      <UniqueIdentifier>{93995380-89BD-4b04-88EB-625FBE52EBFB}</UniqueIdentifier>
      <Extensions>h;hh;hpp;hxx;h++;hm;inl;inc;ipp;xsd</Extensions>
    </Filter>
    <Filter Include="Resource Files">
      <UniqueIdentifier>{67DA6AB6-F800-4c08-8B7A-83BB121AAD01}</UniqueIdentifier>
      <Extensions>rc;ico;cur;bmp;dlg;rc2;rct;bin;rgs;gif;jpg;jpeg;jpe;resx;tiff;tif;png;wav;mfcribbon-ms</Extensions>
    </Filter>
    <Filter Include="Header Files\lfs">
      <UniqueIdentifier>{cc3c5ff6-edf1-4671-ac96-1a2df031ad27}</UniqueIdentifier>
    </Filter>
    <Filter Include="Source Files\lfs">
      <UniqueIdentifier>{337ac2f1-88df-44e8-b2bc-caecf0e7989a}</UniqueIdentifier>
    </Filter>
    <Filter Include="Header Files\lua">
      <UniqueIdentifier>{e04ff202-833a-4e1e-8126-1934db6db244}</UniqueIdentifier>
    </Filter>
    <Filter Include="Source Files\lua">
      <UniqueIdentifier>{d3ca1666-f9bc-47ff-a721-b7a12cfc7cb5}</UniqueIdentifier>
    </Filter>
    <Filter Include="Header Files\world">
      <UniqueIdentifier>{d742737f-b5b9-4037-9e90-5b9adc5ca5fa}</UniqueIdentifier>
    </Filter>
  </ItemGroup>
  <ItemGroup>
    <ClCompile Include="main.c">
      <Filter>Source Files</Filter>
    </ClCompile>
    <ClCompile Include="client.c">
      <Filter>Source Files</Filter>
    </ClCompile>
    <ClCompile Include="console.c">
      <Filter>Source Files</Filter>
    </ClCompile>
    <ClCompile Include="game.c">
      <Filter>Source Files</Filter>
    </ClCompile>
    <ClCompile Include="id.c">
      <Filter>Source Files</Filter>
    </ClCompile>
    <ClCompile Include="logger.c">
      <Filter>Source Files</Filter>
    </ClCompile>
    <ClCompile Include="map.c">
      <Filter>Source Files</Filter>
    </ClCompile>
    <ClCompile Include="packet.c">
      <Filter>Source Files</Filter>
    </ClCompile>
    <ClCompile Include="player.c">
      <Filter>Source Files</Filter>
    </ClCompile>
    <ClCompile Include="server.c">
      <Filter>Source Files</Filter>
    </ClCompile>
    <ClCompile Include="packet_forms.c">
      <Filter>Source Files</Filter>
    </ClCompile>
    <ClCompile Include="lfs.c">
      <Filter>Source Files\lfs</Filter>
    </ClCompile>
    <ClCompile Include="linit.c">
      <Filter>Source Files</Filter>
    </ClCompile>
    <ClCompile Include="game_lib.h">
      <Filter>Header Files\lua</Filter>
    </ClCompile>
    <ClCompile Include="game_lib.c">
      <Filter>Source Files\lua</Filter>
    </ClCompile>
    <ClCompile Include="player_lib.c">
      <Filter>Source Files\lua</Filter>
    </ClCompile>
    <ClCompile Include="client_lib.c">
      <Filter>Source Files\lua</Filter>
    </ClCompile>
    <ClCompile Include="lib.c">
      <Filter>Source Files\lua</Filter>
    </ClCompile>
  </ItemGroup>
  <ItemGroup>
    <ClInclude Include="client.h">
      <Filter>Header Files</Filter>
    </ClInclude>
    <ClInclude Include="console.h">
      <Filter>Header Files</Filter>
    </ClInclude>
    <ClInclude Include="game.h">
      <Filter>Header Files</Filter>
    </ClInclude>
    <ClInclude Include="id.h">
      <Filter>Header Files</Filter>
    </ClInclude>
    <ClInclude Include="logger.h">
      <Filter>Header Files</Filter>
    </ClInclude>
    <ClInclude Include="main.h">
      <Filter>Header Files</Filter>
    </ClInclude>
    <ClInclude Include="map.h">
      <Filter>Header Files</Filter>
    </ClInclude>
    <ClInclude Include="packet.h">
      <Filter>Header Files</Filter>
    </ClInclude>
    <ClInclude Include="player.h">
      <Filter>Header Files</Filter>
    </ClInclude>
    <ClInclude Include="server.h">
      <Filter>Header Files</Filter>
    </ClInclude>
    <ClInclude Include="lfs.h">
      <Filter>Header Files\lfs</Filter>
    </ClInclude>
    <ClInclude Include="lprefix.h">
      <Filter>Header Files</Filter>
    </ClInclude>
    <ClInclude Include="types.h">
      <Filter>Header Files</Filter>
    </ClInclude>
    <ClInclude Include="lib.h">
      <Filter>Header Files\lua</Filter>
    </ClInclude>
    <ClInclude Include="client_lib.h">
      <Filter>Header Files\lua</Filter>
    </ClInclude>
    <ClInclude Include="player_lib.h">
      <Filter>Header Files\lua</Filter>
    </ClInclude>
    <ClInclude Include="all_lib.h">
      <Filter>Header Files\lua</Filter>
    </ClInclude>
    <ClInclude Include="world.h">
      <Filter>Header Files\world</Filter>
    </ClInclude>
  </ItemGroup>
</Project>